
Microsoft Visual Studio Solution File, Format Version 12.00
# Visual Studio Version 17
VisualStudioVersion = 17.0.32014.148
MinimumVisualStudioVersion = 10.0.40219.1
Project("{9A19103F-16F7-4668-BE54-9A1E7A4F7556}") = "Application", "Application\Application.csproj", "{F2000005-C383-4F89-9816-B0F2D36C0FC4}"
EndProject
Project("{9A19103F-16F7-4668-BE54-9A1E7A4F7556}") = "Domain", "Domain\Domain.csproj", "{7A395A3E-DE5A-4F77-ADEF-502046EFD626}"
EndProject
Project("{9A19103F-16F7-4668-BE54-9A1E7A4F7556}") = "Persistence", "Persistence\Persistence.csproj", "{FCD3AA7F-735B-4F7A-86AD-F5BA2A62887A}"
EndProject
Project("{9A19103F-16F7-4668-BE54-9A1E7A4F7556}") = "WebApi", "WebApi\WebApi.csproj", "{B3AA3881-84D3-403B-A59E-DC3853516ED5}"
EndProject
Global
	GlobalSection(SolutionConfigurationPlatforms) = preSolution
		Debug|Any CPU = Debug|Any CPU
		Release|Any CPU = Release|Any CPU
	EndGlobalSection
	GlobalSection(ProjectConfigurationPlatforms) = postSolution
		{F2000005-C383-4F89-9816-B0F2D36C0FC4}.Debug|Any CPU.ActiveCfg = Debug|Any CPU
		{F2000005-C383-4F89-9816-B0F2D36C0FC4}.Debug|Any CPU.Build.0 = Debug|Any CPU
		{F2000005-C383-4F89-9816-B0F2D36C0FC4}.Release|Any CPU.ActiveCfg = Release|Any CPU
		{F2000005-C383-4F89-9816-B0F2D36C0FC4}.Release|Any CPU.Build.0 = Release|Any CPU
		{7A395A3E-DE5A-4F77-ADEF-502046EFD626}.Debug|Any CPU.ActiveCfg = Debug|Any CPU
		{7A395A3E-DE5A-4F77-ADEF-502046EFD626}.Debug|Any CPU.Build.0 = Debug|Any CPU
		{7A395A3E-DE5A-4F77-ADEF-502046EFD626}.Release|Any CPU.ActiveCfg = Release|Any CPU
		{7A395A3E-DE5A-4F77-ADEF-502046EFD626}.Release|Any CPU.Build.0 = Release|Any CPU
		{FCD3AA7F-735B-4F7A-86AD-F5BA2A62887A}.Debug|Any CPU.ActiveCfg = Debug|Any CPU
		{FCD3AA7F-735B-4F7A-86AD-F5BA2A62887A}.Debug|Any CPU.Build.0 = Debug|Any CPU
		{FCD3AA7F-735B-4F7A-86AD-F5BA2A62887A}.Release|Any CPU.ActiveCfg = Release|Any CPU
		{FCD3AA7F-735B-4F7A-86AD-F5BA2A62887A}.Release|Any CPU.Build.0 = Release|Any CPU
		{B3AA3881-84D3-403B-A59E-DC3853516ED5}.Debug|Any CPU.ActiveCfg = Debug|Any CPU
		{B3AA3881-84D3-403B-A59E-DC3853516ED5}.Debug|Any CPU.Build.0 = Debug|Any CPU
		{B3AA3881-84D3-403B-A59E-DC3853516ED5}.Release|Any CPU.ActiveCfg = Release|Any CPU
		{B3AA3881-84D3-403B-A59E-DC3853516ED5}.Release|Any CPU.Build.0 = Release|Any CPU
	EndGlobalSection
	GlobalSection(SolutionProperties) = preSolution
		HideSolutionNode = FALSE
	EndGlobalSection
	GlobalSection(ExtensibilityGlobals) = postSolution
		SolutionGuid = {8C5554D9-EF48-4F44-BBFC-7DD3B21FF065}
	EndGlobalSection
EndGlobal
